{
  "name": "encore-hono",
  "lockfileVersion": 3,
  "requires": true,
  "packages": {
    "": {
      "name": "encore-hono",
      "dependencies": {
        "@hono/node-server": "^1.13.0",
        "@hono/zod-openapi": "^0.18.0",
        "@scalar/hono-api-reference": "^0.5.0",
        "hono": "^4.7.0",
        "zod": "^3.24.0"
      },
      "devDependencies": {
        "@types/node": "^26.0.0",
        "typescript": "^5.7.0"
      }
    },
    "node_modules/@asteasolutions/zod-to-openapi": {
      "version": "7.3.4",
      "resolved": "https://registry.npmjs.org/@asteasolutions/zod-to-openapi/-/zod-to-openapi-7.3.4.tgz",
      "integrity": "sha512-/2rThQ5zPi9OzVwes6U7lK1+Yvug0iXu25olp7S0XsYmOqnyMfxH7gdSQjn/+DSOHRg7wnotwGJSyL+fBKdnEA==",
      "license": "MIT",
      "dependencies": {
        "openapi3-ts": "^4.1.2"
      },
      "peerDependencies": {
        "zod": "^3.20.2"
      }
    },
    "node_modules/@hono/node-server": {
      "version": "1.19.14",
      "resolved": "https://registry.npmjs.org/@hono/node-server/-/node-server-1.19.14.tgz",
      "integrity": "sha512-GwtvgtXxnWsucXvbQXkRgqksiH2Qed37H9xHZocE5sA3N8O8O8/8FA3uclQXxXVzc9XBZuEOMK7+r02FmSpHtw==",
      "license": "MIT",
      "engines": {
        "node": ">=18.14.1"
      },
      "peerDependencies": {
        "hono": "^4"
      }
    },
    "node_modules/@hono/zod-openapi": {
      "version": "0.18.4",
      "resolved": "https://registry.npmjs.org/@hono/zod-openapi/-/zod-openapi-0.18.4.tgz",
      "integrity": "sha512-6NHMHU96Hh32B1yDhb94Z4Z5/POsmEu2AXpWLWcBq9arskRnOMt2752yEoXoADV8WUAc7H1IkNaQHGj1ytXbYw==",
      "license": "MIT",
      "dependencies": {
        "@asteasolutions/zod-to-openapi": "^7.1.0",
        "@hono/zod-validator": "^0.4.1"
      },
      "engines": {
        "node": ">=16.0.0"
      },
      "peerDependencies": {
        "hono": ">=4.3.6",
        "zod": "3.*"
      }
    },
    "node_modules/@hono/zod-validator": {
      "version": "0.4.3",
      "resolved": "https://registry.npmjs.org/@hono/zod-validator/-/zod-validator-0.4.3.tgz",
      "integrity": "sha512-xIgMYXDyJ4Hj6ekm9T9Y27s080Nl9NXHcJkOvkXPhubOLj8hZkOL8pDnnXfvCf5xEE8Q4oMFenQUZZREUY2gqQ==",
      "license": "MIT",
      "peerDependencies": {
        "hono": ">=3.9.0",
        "zod": "^3.19.1"
      }
    },
    "node_modules/@scalar/core": {
      "version": "0.1.1",
      "resolved": "https://registry.npmjs.org/@scalar/core/-/core-0.1.1.tgz",
      "integrity": "sha512-7qnZp8ykrXoKScFIZcwt638CuFFyj7G3SsgVfD5liNgb533K8/lhWqdmp1vK2u4BKKJ9GBAPKMlWZE/+yA8WTw==",
      "license": "MIT",
      "dependencies": {
        "@scalar/types": "0.0.40"
      },
      "engines": {
        "node": ">=18"
      }
    },
    "node_modules/@scalar/hono-api-reference": {
      "version": "0.5.184",
      "resolved": "https://registry.npmjs.org/@scalar/hono-api-reference/-/hono-api-reference-0.5.184.tgz",
      "integrity": "sha512-vRSRwJkN1Xo5dW9KYQJlGpKZ+Nh9qH+x1sn0qf6/Lx8QLPyyEpNm1EEddKaIN6qd5wrtVjDN6adQhfAfcYGHzw==",
      "license": "MIT",
      "dependencies": {
        "@scalar/core": "0.1.1"
      },
      "engines": {
        "node": ">=18"
      },
      "peerDependencies": {
        "hono": "^4.0.0"
      }
    },
    "node_modules/@scalar/openapi-types": {
      "version": "0.1.9",
      "resolved": "https://registry.npmjs.org/@scalar/openapi-types/-/openapi-types-0.1.9.tgz",
      "integrity": "sha512-HQQudOSQBU7ewzfnBW9LhDmBE2XOJgSfwrh5PlUB7zJup/kaRkBGNgV2wMjNz9Af/uztiU/xNrO179FysmUT+g==",
      "license": "MIT",
      "engines": {
        "node": ">=18"
      }
    },
    "node_modules/@scalar/types": {
      "version": "0.0.40",
      "resolved": "https://registry.npmjs.org/@scalar/types/-/types-0.0.40.tgz",
      "integrity": "sha512-0J6o+yZzgZEvl3KhvLTAGiXXyrCeEPKvs9gUWQDf1Rb5NfFxF0lA10ougCQCwVJIguWNEzZfOUiSoAFzGy2EqQ==",
      "license": "MIT",
      "dependencies": {
        "@scalar/openapi-types": "0.1.9",
        "@unhead/schema": "^1.11.11",
        "zod": "^3.23.8"
      },
      "engines": {
        "node": ">=18"
      }
    },
    "node_modules/@types/node": {
      "version": "26.0.0",
      "resolved": "https://registry.npmjs.org/@types/node/-/node-26.0.0.tgz",
      "integrity": "sha512-vf2YFi1iY9lHGwNJMs01biZFbKJkrZR1T6/MlzjhJLPdntOHLhTrDSnSVcdtvjihi4VQNlrFRIxLsDBlQpAipA==",
      "dev": true,
      "license": "MIT",
      "dependencies": {
        "undici-types": "~8.3.0"
      }
    },
    "node_modules/@unhead/schema": {
      "version": "1.11.20",
      "resolved": "https://registry.npmjs.org/@unhead/schema/-/schema-1.11.20.tgz",
      "integrity": "sha512-0zWykKAaJdm+/Y7yi/Yds20PrUK7XabLe9c3IRcjnwYmSWY6z0Cr19VIs3ozCj8P+GhR+/TI2mwtGlueCEYouA==",
      "license": "MIT",
      "dependencies": {
        "hookable": "^5.5.3",
        "zhead": "^2.2.4"
      },
      "funding": {
        "url": "https://github.com/sponsors/harlan-zw"
      }
    },
    "node_modules/hono": {
      "version": "4.12.26",
      "resolved": "https://registry.npmjs.org/hono/-/hono-4.12.26.tgz",
      "integrity": "sha512-uyZtpnYxM9CmQ7QsQknM4zN8EftNqhON1qYeIKM0Se67CCEe2c44xyGURwB0axX2fBDu1dqHrHAc1hmNT8ITkw==",
      "license": "MIT",
      "engines": {
        "node": ">=16.9.0"
      }
    },
    "node_modules/hookable": {
      "version": "5.5.3",
      "resolved": "https://registry.npmjs.org/hookable/-/hookable-5.5.3.tgz",
      "integrity": "sha512-Yc+BQe8SvoXH1643Qez1zqLRmbA5rCL+sSmk6TVos0LWVfNIB7PGncdlId77WzLGSIB5KaWgTaNTs2lNVEI6VQ==",
      "license": "MIT"
    },
    "node_modules/openapi3-ts": {
      "version": "4.6.0",
      "resolved": "https://registry.npmjs.org/openapi3-ts/-/openapi3-ts-4.6.0.tgz",
      "integrity": "sha512-a4sfn6L2sIShhtzJqmjGrARvxAW/3F2BJDdyRVvNF9VhAsZSh5hSyI3a9TNvmzBxXmq66nY5LNT5bQcBxYAZZg==",
      "license": "MIT",
      "dependencies": {
        "yaml": "^2.9.0"
      }
    },
    "node_modules/typescript": {
      "version": "5.9.3",
      "resolved": "https://registry.npmjs.org/typescript/-/typescript-5.9.3.tgz",
      "integrity": "sha512-jl1vZzPDinLr9eUt3J/t7V6FgNEw9QjvBPdysz9KfQDD41fQrC2Y4vKQdiaUpFT4bXlb1RHhLpp8wtm6M5TgSw==",
      "dev": true,
      "license": "Apache-2.0",
      "bin": {
        "tsc": "bin/tsc",
        "tsserver": "bin/tsserver"
      },
      "engines": {
        "node": ">=14.17"
      }
    },
    "node_modules/undici-types": {
      "version": "8.3.0",
      "resolved": "https://registry.npmjs.org/undici-types/-/undici-types-8.3.0.tgz",
      "integrity": "sha512-j375ScV60dom+YkPFIfTLcOiPxkN/buHz5GobjLhixFuANaNs3C9l4GmrWqejgXWJ7BbJcFYpTEUkS1Ge8bpZQ==",
      "dev": true,
      "license": "MIT"
    },
    "node_modules/yaml": {
      "version": "2.9.0",
      "resolved": "https://registry.npmjs.org/yaml/-/yaml-2.9.0.tgz",
      "integrity": "sha512-2AvhNX3mb8zd6Zy7INTtSpl1F15HW6Wnqj0srWlkKLcpYl/gMIMJiyuGq2KeI2YFxUPjdlB+3Lc10seMLtL4cA==",
      "license": "ISC",
      "bin": {
        "yaml": "bin.mjs"
      },
      "engines": {
        "node": ">= 14.6"
      },
      "funding": {
        "url": "https://github.com/sponsors/eemeli"
      }
    },
    "node_modules/zhead": {
      "version": "2.2.4",
      "resolved": "https://registry.npmjs.org/zhead/-/zhead-2.2.4.tgz",
      "integrity": "sha512-8F0OI5dpWIA5IGG5NHUg9staDwz/ZPxZtvGVf01j7vHqSyZ0raHY+78atOVxRqb73AotX22uV1pXt3gYSstGag==",
      "license": "MIT",
      "funding": {
        "url": "https://github.com/sponsors/harlan-zw"
      }
    },
    "node_modules/zod": {
      "version": "3.25.76",
      "resolved": "https://registry.npmjs.org/zod/-/zod-3.25.76.tgz",
      "integrity": "sha512-gzUt/qt81nXsFGKIFcC3YnfEAx5NkunCfnDlvuBSSFS02bcXu4Lmea0AFIUwbLWxWPx3d9p8S5QoaujKcNQxcQ==",
      "license": "MIT",
      "funding": {
        "url": "https://github.com/sponsors/colinhacks"
      }
    }
  }
}
